{
  "lockfile-version": 1,
  "manifest": {
    "version": 1,
    "install": {
      "github-cli": {
        "pkg-path": "github-cli"
      }
    },
    "hook": {},
    "profile": {},
    "options": {
      "systems": [
        "aarch64-darwin",
        "aarch64-linux",
        "x86_64-darwin",
        "x86_64-linux"
      ]
    }
  },
  "packages": [
    {
      "attr_path": "github-cli",
      "broken": false,
      "derivation": "/nix/store/5f1sjilbf0gq8rijv5gaq6ychsi1kw0g-gh-2.74.0.drv",
      "description": "GitHub CLI tool",
      "install_id": "github-cli",
      "license": "MIT",
      "locked_url": "https://github.com/flox/nixpkgs?rev=3e3afe5174c561dee0df6f2c2b2236990146329f",
      "name": "gh-2.74.0",
      "pname": "github-cli",
      "rev": "3e3afe5174c561dee0df6f2c2b2236990146329f",
      "rev_count": 811950,
      "rev_date": "2025-06-07T08:35:48Z",
      "scrape_date": "2025-06-09T04:23:51.383209Z",
      "stabilities": [
        "unstable"
      ],
      "unfree": false,
      "version": "2.74.0",
      "outputs_to_install": [
        "out"
      ],
      "outputs": {
        "out": "/nix/store/p6y6rjhgvsfn4nwspqrkfrl2xpxn3ygk-gh-2.74.0"
      },
      "system": "aarch64-darwin",
      "group": "toplevel",
      "priority": 5
    },
    {
      "attr_path": "github-cli",
      "broken": false,
      "derivation": "/nix/store/6fvlxlc1ghks7jiann3cy4j3ng4axylx-gh-2.74.0.drv",
      "description": "GitHub CLI tool",
      "install_id": "github-cli",
      "license": "MIT",
      "locked_url": "https://github.com/flox/nixpkgs?rev=3e3afe5174c561dee0df6f2c2b2236990146329f",
      "name": "gh-2.74.0",
      "pname": "github-cli",
      "rev": "3e3afe5174c561dee0df6f2c2b2236990146329f",
      "rev_count": 811950,
      "rev_date": "2025-06-07T08:35:48Z",
      "scrape_date": "2025-06-09T04:41:58.937353Z",
      "stabilities": [
        "unstable"
      ],
      "unfree": false,
      "version": "2.74.0",
      "outputs_to_install": [
        "out"
      ],
      "outputs": {
        "out": "/nix/store/0d7985qvk3g50d12y9h51mqbadgw510b-gh-2.74.0"
      },
      "system": "aarch64-linux",
      "group": "toplevel",
      "priority": 5
    },
    {
      "attr_path": "github-cli",
      "broken": false,
      "derivation": "/nix/store/8kcj2zrgs89p5lzbpbxbfgnx0l0dwlss-gh-2.74.0.drv",
      "description": "GitHub CLI tool",
      "install_id": "github-cli",
      "license": "MIT",
      "locked_url": "https://github.com/flox/nixpkgs?rev=3e3afe5174c561dee0df6f2c2b2236990146329f",
      "name": "gh-2.74.0",
      "pname": "github-cli",
      "rev": "3e3afe5174c561dee0df6f2c2b2236990146329f",
      "rev_count": 811950,
      "rev_date": "2025-06-07T08:35:48Z",
      "scrape_date": "2025-06-09T04:58:21.601511Z",
      "stabilities": [
        "unstable"
      ],
      "unfree": false,
      "version": "2.74.0",
      "outputs_to_install": [
        "out"
      ],
      "outputs": {
        "out": "/nix/store/rm3jrvrgx0mz2zpbkgxh5sl3g39hn5b3-gh-2.74.0"
      },
      "system": "x86_64-darwin",
      "group": "toplevel",
      "priority": 5
    },
    {
      "attr_path": "github-cli",
      "broken": false,
      "derivation": "/nix/store/5b0wmddwn4xxbz3dfwlp2b6sdbkxm8qx-gh-2.74.0.drv",
      "description": "GitHub CLI tool",
      "install_id": "github-cli",
      "license": "MIT",
      "locked_url": "https://github.com/flox/nixpkgs?rev=3e3afe5174c561dee0df6f2c2b2236990146329f",
      "name": "gh-2.74.0",
      "pname": "github-cli",
      "rev": "3e3afe5174c561dee0df6f2c2b2236990146329f",
      "rev_count": 811950,
      "rev_date": "2025-06-07T08:35:48Z",
      "scrape_date": "2025-06-09T05:17:42.307996Z",
      "stabilities": [
        "unstable"
      ],
      "unfree": false,
      "version": "2.74.0",
      "outputs_to_install": [
        "out"
      ],
      "outputs": {
        "out": "/nix/store/f0ixb6s2s800c4yi89dnp2gyrsi24yz1-gh-2.74.0"
      },
      "system": "x86_64-linux",
      "group": "toplevel",
      "priority": 5
    }
  ]
}